
Microsoft Visual Studio Solution File, Format Version 12.00
# Visual Studio Version 17
VisualStudioVersion = 17.5.002.0
MinimumVisualStudioVersion = 10.0.40219.1
Project("{2150E333-8FDC-42A3-9474-1A3956D46DE8}") = "csharp-prep", "csharp-prep", "{38B92D8C-7E7F-46F9-890D-A3B91219898D}"
EndProject
Project("{9A19103F-16F7-4668-BE54-9A1E7A4F7556}") = "Prep1", "csharp-prep\Prep1\Prep1.csproj", "{53A30AB4-E1AE-47E6-B713-B055FB9C6542}"
EndProject
Project("{9A19103F-16F7-4668-BE54-9A1E7A4F7556}") = "Prep2", "csharp-prep\Prep2\Prep2.csproj", "{3EE72456-63B3-406B-8782-E23F89B68A00}"
EndProject
Project("{9A19103F-16F7-4668-BE54-9A1E7A4F7556}") = "Prep3", "csharp-prep\Prep3\Prep3.csproj", "{1F3150B0-EFF0-4179-9B91-87B05A5D060B}"
EndProject
Project("{9A19103F-16F7-4668-BE54-9A1E7A4F7556}") = "Prep4", "csharp-prep\Prep4\Prep4.csproj", "{E2A40DD5-27F1-4EB2-A0BA-4A4D8E0428F8}"
EndProject
Project("{9A19103F-16F7-4668-BE54-9A1E7A4F7556}") = "Prep5", "csharp-prep\Prep5\Prep5.csproj", "{7CDD6E79-6A42-4BFA-8BD9-442A8FAD8B9E}"
EndProject
Project("{2150E333-8FDC-42A3-9474-1A3956D46DE8}") = "final", "final", "{20FB998B-6E7B-4711-BEE6-9A003447F1E0}"
EndProject
Project("{9A19103F-16F7-4668-BE54-9A1E7A4F7556}") = "FinalProject", "final\FinalProject\FinalProject.csproj", "{7545744D-79B5-4E61-B909-1381101F3C5C}"
EndProject
Project("{9A19103F-16F7-4668-BE54-9A1E7A4F7556}") = "Foundation1", "final\Foundation1\Foundation1.csproj", "{E7DF6853-7786-4613-A540-81BFA44D1A8E}"
EndProject
Project("{9A19103F-16F7-4668-BE54-9A1E7A4F7556}") = "Foundation2", "final\Foundation2\Foundation2.csproj", "{C6F80FED-E793-4B3D-BD70-E12AFF7E9734}"
EndProject
Project("{9A19103F-16F7-4668-BE54-9A1E7A4F7556}") = "Foundation3", "final\Foundation3\Foundation3.csproj", "{8BD4BF30-5D92-46E3-95C9-EAEED9898F71}"
EndProject
Project("{9A19103F-16F7-4668-BE54-9A1E7A4F7556}") = "Foundation4", "final\Foundation4\Foundation4.csproj", "{72C13AF1-55EA-41E7-B70F-A8AE30C35604}"
EndProject
Project("{2150E333-8FDC-42A3-9474-1A3956D46DE8}") = "prepare", "prepare", "{7F1C4F1A-B951-4029-AEF7-6C9A129776F3}"
EndProject
Project("{9A19103F-16F7-4668-BE54-9A1E7A4F7556}") = "Learning02", "prepare\Learning02\Learning02.csproj", "{61381CC2-7B56-411C-8FDB-960493873A0D}"
EndProject
Project("{9A19103F-16F7-4668-BE54-9A1E7A4F7556}") = "Learning03", "prepare\Learning03\Learning03.csproj", "{C1786A27-870F-4F4E-A8D4-E6FD90A0A4E6}"
EndProject
Project("{9A19103F-16F7-4668-BE54-9A1E7A4F7556}") = "Learning04", "prepare\Learning04\Learning04.csproj", "{74F84554-FFC1-4DC6-810F-C6D0A034E17D}"
EndProject
Project("{9A19103F-16F7-4668-BE54-9A1E7A4F7556}") = "Learning05", "prepare\Learning05\Learning05.csproj", "{3E79C14A-9F1E-464F-8C97-1309C00A597A}"
EndProject
Project("{2150E333-8FDC-42A3-9474-1A3956D46DE8}") = "prove", "prove", "{C69E229B-2CC2-4F18-BA34-4C2EC1C2CDB8}"
EndProject
Project("{9A19103F-16F7-4668-BE54-9A1E7A4F7556}") = "Develop02", "prove\Develop02\Develop02.csproj", "{FF401639-66B7-4E2E-96C6-DAB9EB557131}"
EndProject
Project("{9A19103F-16F7-4668-BE54-9A1E7A4F7556}") = "Develop03", "prove\Develop03\Develop03.csproj", "{198089A7-E821-401C-8010-6EC94C34B95A}"
EndProject
Project("{9A19103F-16F7-4668-BE54-9A1E7A4F7556}") = "Develop04", "prove\Develop04\Develop04.csproj", "{44E37EEF-45D0-41CF-A23F-86B945A066FC}"
EndProject
Project("{9A19103F-16F7-4668-BE54-9A1E7A4F7556}") = "Develop05", "prove\Develop05\Develop05.csproj", "{D1110B8A-CF55-43A1-A225-F69E56638BC7}"
EndProject
Project("{2150E333-8FDC-42A3-9474-1A3956D46DE8}") = "sandbox", "sandbox", "{CA6E7143-6B4D-42C8-BADF-969EC02FA767}"
EndProject
Project("{9A19103F-16F7-4668-BE54-9A1E7A4F7556}") = "Sandbox", "sandbox\Sandbox\Sandbox.csproj", "{F4A14EE5-F385-4755-A580-4E1529003F99}"
EndProject
Global
	GlobalSection(SolutionConfigurationPlatforms) = preSolution
		Debug|Any CPU = Debug|Any CPU
		Release|Any CPU = Release|Any CPU
	EndGlobalSection
	GlobalSection(ProjectConfigurationPlatforms) = postSolution
		{53A30AB4-E1AE-47E6-B713-B055FB9C6542}.Debug|Any CPU.ActiveCfg = Debug|Any CPU
		{53A30AB4-E1AE-47E6-B713-B055FB9C6542}.Debug|Any CPU.Build.0 = Debug|Any CPU
		{53A30AB4-E1AE-47E6-B713-B055FB9C6542}.Release|Any CPU.ActiveCfg = Release|Any CPU
		{53A30AB4-E1AE-47E6-B713-B055FB9C6542}.Release|Any CPU.Build.0 = Release|Any CPU
		{3EE72456-63B3-406B-8782-E23F89B68A00}.Debug|Any CPU.ActiveCfg = Debug|Any CPU
		{3EE72456-63B3-406B-8782-E23F89B68A00}.Debug|Any CPU.Build.0 = Debug|Any CPU
		{3EE72456-63B3-406B-8782-E23F89B68A00}.Release|Any CPU.ActiveCfg = Release|Any CPU
		{3EE72456-63B3-406B-8782-E23F89B68A00}.Release|Any CPU.Build.0 = Release|Any CPU
		{1F3150B0-EFF0-4179-9B91-87B05A5D060B}.Debug|Any CPU.ActiveCfg = Debug|Any CPU
		{1F3150B0-EFF0-4179-9B91-87B05A5D060B}.Debug|Any CPU.Build.0 = Debug|Any CPU
		{1F3150B0-EFF0-4179-9B91-87B05A5D060B}.Release|Any CPU.ActiveCfg = Release|Any CPU
		{1F3150B0-EFF0-4179-9B91-87B05A5D060B}.Release|Any CPU.Build.0 = Release|Any CPU
		{E2A40DD5-27F1-4EB2-A0BA-4A4D8E0428F8}.Debug|Any CPU.ActiveCfg = Debug|Any CPU
		{E2A40DD5-27F1-4EB2-A0BA-4A4D8E0428F8}.Debug|Any CPU.Build.0 = Debug|Any CPU
		{E2A40DD5-27F1-4EB2-A0BA-4A4D8E0428F8}.Release|Any CPU.ActiveCfg = Release|Any CPU
		{E2A40DD5-27F1-4EB2-A0BA-4A4D8E0428F8}.Release|Any CPU.Build.0 = Release|Any CPU
		{7CDD6E79-6A42-4BFA-8BD9-442A8FAD8B9E}.Debug|Any CPU.ActiveCfg = Debug|Any CPU
		{7CDD6E79-6A42-4BFA-8BD9-442A8FAD8B9E}.Debug|Any CPU.Build.0 = Debug|Any CPU
		{7CDD6E79-6A42-4BFA-8BD9-442A8FAD8B9E}.Release|Any CPU.ActiveCfg = Release|Any CPU
		{7CDD6E79-6A42-4BFA-8BD9-442A8FAD8B9E}.Release|Any CPU.Build.0 = Release|Any CPU
		{7545744D-79B5-4E61-B909-1381101F3C5C}.Debug|Any CPU.ActiveCfg = Debug|Any CPU
		{7545744D-79B5-4E61-B909-1381101F3C5C}.Debug|Any CPU.Build.0 = Debug|Any CPU
		{7545744D-79B5-4E61-B909-1381101F3C5C}.Release|Any CPU.ActiveCfg = Release|Any CPU
		{7545744D-79B5-4E61-B909-1381101F3C5C}.Release|Any CPU.Build.0 = Release|Any CPU
		{E7DF6853-7786-4613-A540-81BFA44D1A8E}.Debug|Any CPU.ActiveCfg = Debug|Any CPU
		{E7DF6853-7786-4613-A540-81BFA44D1A8E}.Debug|Any CPU.Build.0 = Debug|Any CPU
		{E7DF6853-7786-4613-A540-81BFA44D1A8E}.Release|Any CPU.ActiveCfg = Release|Any CPU
		{E7DF6853-7786-4613-A540-81BFA44D1A8E}.Release|Any CPU.Build.0 = Release|Any CPU
		{C6F80FED-E793-4B3D-BD70-E12AFF7E9734}.Debug|Any CPU.ActiveCfg = Debug|Any CPU
		{C6F80FED-E793-4B3D-BD70-E12AFF7E9734}.Debug|Any CPU.Build.0 = Debug|Any CPU
		{C6F80FED-E793-4B3D-BD70-E12AFF7E9734}.Release|Any CPU.ActiveCfg = Release|Any CPU
		{C6F80FED-E793-4B3D-BD70-E12AFF7E9734}.Release|Any CPU.Build.0 = Release|Any CPU
		{8BD4BF30-5D92-46E3-95C9-EAEED9898F71}.Debug|Any CPU.ActiveCfg = Debug|Any CPU
		{8BD4BF30-5D92-46E3-95C9-EAEED9898F71}.Debug|Any CPU.Build.0 = Debug|Any CPU
		{8BD4BF30-5D92-46E3-95C9-EAEED9898F71}.Release|Any CPU.ActiveCfg = Release|Any CPU
		{8BD4BF30-5D92-46E3-95C9-EAEED9898F71}.Release|Any CPU.Build.0 = Release|Any CPU
		{72C13AF1-55EA-41E7-B70F-A8AE30C35604}.Debug|Any CPU.ActiveCfg = Debug|Any CPU
		{72C13AF1-55EA-41E7-B70F-A8AE30C35604}.Debug|Any CPU.Build.0 = Debug|Any CPU
		{72C13AF1-55EA-41E7-B70F-A8AE30C35604}.Release|Any CPU.ActiveCfg = Release|Any CPU
		{72C13AF1-55EA-41E7-B70F-A8AE30C35604}.Release|Any CPU.Build.0 = Release|Any CPU
		{61381CC2-7B56-411C-8FDB-960493873A0D}.Debug|Any CPU.ActiveCfg = Debug|Any CPU
		{61381CC2-7B56-411C-8FDB-960493873A0D}.Debug|Any CPU.Build.0 = Debug|Any CPU
		{61381CC2-7B56-411C-8FDB-960493873A0D}.Release|Any CPU.ActiveCfg = Release|Any CPU
		{61381CC2-7B56-411C-8FDB-960493873A0D}.Release|Any CPU.Build.0 = Release|Any CPU
		{C1786A27-870F-4F4E-A8D4-E6FD90A0A4E6}.Debug|Any CPU.ActiveCfg = Debug|Any CPU
		{C1786A27-870F-4F4E-A8D4-E6FD90A0A4E6}.Debug|Any CPU.Build.0 = Debug|Any CPU
		{C1786A27-870F-4F4E-A8D4-E6FD90A0A4E6}.Release|Any CPU.ActiveCfg = Release|Any CPU
		{C1786A27-870F-4F4E-A8D4-E6FD90A0A4E6}.Release|Any CPU.Build.0 = Release|Any CPU
		{74F84554-FFC1-4DC6-810F-C6D0A034E17D}.Debug|Any CPU.ActiveCfg = Debug|Any CPU
		{74F84554-FFC1-4DC6-810F-C6D0A034E17D}.Debug|Any CPU.Build.0 = Debug|Any CPU
		{74F84554-FFC1-4DC6-810F-C6D0A034E17D}.Release|Any CPU.ActiveCfg = Release|Any CPU
		{74F84554-FFC1-4DC6-810F-C6D0A034E17D}.Release|Any CPU.Build.0 = Release|Any CPU
		{3E79C14A-9F1E-464F-8C97-1309C00A597A}.Debug|Any CPU.ActiveCfg = Debug|Any CPU
		{3E79C14A-9F1E-464F-8C97-1309C00A597A}.Debug|Any CPU.Build.0 = Debug|Any CPU
		{3E79C14A-9F1E-464F-8C97-1309C00A597A}.Release|Any CPU.ActiveCfg = Release|Any CPU
		{3E79C14A-9F1E-464F-8C97-1309C00A597A}.Release|Any CPU.Build.0 = Release|Any CPU
		{FF401639-66B7-4E2E-96C6-DAB9EB557131}.Debug|Any CPU.ActiveCfg = Debug|Any CPU
		{FF401639-66B7-4E2E-96C6-DAB9EB557131}.Debug|Any CPU.Build.0 = Debug|Any CPU
		{FF401639-66B7-4E2E-96C6-DAB9EB557131}.Release|Any CPU.ActiveCfg = Release|Any CPU
		{FF401639-66B7-4E2E-96C6-DAB9EB557131}.Release|Any CPU.Build.0 = Release|Any CPU
		{198089A7-E821-401C-8010-6EC94C34B95A}.Debug|Any CPU.ActiveCfg = Debug|Any CPU
		{198089A7-E821-401C-8010-6EC94C34B95A}.Debug|Any CPU.Build.0 = Debug|Any CPU
		{198089A7-E821-401C-8010-6EC94C34B95A}.Release|Any CPU.ActiveCfg = Release|Any CPU
		{198089A7-E821-401C-8010-6EC94C34B95A}.Release|Any CPU.Build.0 = Release|Any CPU
		{44E37EEF-45D0-41CF-A23F-86B945A066FC}.Debug|Any CPU.ActiveCfg = Debug|Any CPU
		{44E37EEF-45D0-41CF-A23F-86B945A066FC}.Debug|Any CPU.Build.0 = Debug|Any CPU
		{44E37EEF-45D0-41CF-A23F-86B945A066FC}.Release|Any CPU.ActiveCfg = Release|Any CPU
		{44E37EEF-45D0-41CF-A23F-86B945A066FC}.Release|Any CPU.Build.0 = Release|Any CPU
		{D1110B8A-CF55-43A1-A225-F69E56638BC7}.Debug|Any CPU.ActiveCfg = Debug|Any CPU
		{D1110B8A-CF55-43A1-A225-F69E56638BC7}.Debug|Any CPU.Build.0 = Debug|Any CPU
		{D1110B8A-CF55-43A1-A225-F69E56638BC7}.Release|Any CPU.ActiveCfg = Release|Any CPU
		{D1110B8A-CF55-43A1-A225-F69E56638BC7}.Release|Any CPU.Build.0 = Release|Any CPU
		{F4A14EE5-F385-4755-A580-4E1529003F99}.Debug|Any CPU.ActiveCfg = Debug|Any CPU
		{F4A14EE5-F385-4755-A580-4E1529003F99}.Debug|Any CPU.Build.0 = Debug|Any CPU
		{F4A14EE5-F385-4755-A580-4E1529003F99}.Release|Any CPU.ActiveCfg = Release|Any CPU
		{F4A14EE5-F385-4755-A580-4E1529003F99}.Release|Any CPU.Build.0 = Release|Any CPU
	EndGlobalSection
	GlobalSection(SolutionProperties) = preSolution
		HideSolutionNode = FALSE
	EndGlobalSection
	GlobalSection(NestedProjects) = preSolution
		{53A30AB4-E1AE-47E6-B713-B055FB9C6542} = {38B92D8C-7E7F-46F9-890D-A3B91219898D}
		{3EE72456-63B3-406B-8782-E23F89B68A00} = {38B92D8C-7E7F-46F9-890D-A3B91219898D}
		{1F3150B0-EFF0-4179-9B91-87B05A5D060B} = {38B92D8C-7E7F-46F9-890D-A3B91219898D}
		{E2A40DD5-27F1-4EB2-A0BA-4A4D8E0428F8} = {38B92D8C-7E7F-46F9-890D-A3B91219898D}
		{7CDD6E79-6A42-4BFA-8BD9-442A8FAD8B9E} = {38B92D8C-7E7F-46F9-890D-A3B91219898D}
		{7545744D-79B5-4E61-B909-1381101F3C5C} = {20FB998B-6E7B-4711-BEE6-9A003447F1E0}
		{E7DF6853-7786-4613-A540-81BFA44D1A8E} = {20FB998B-6E7B-4711-BEE6-9A003447F1E0}
		{C6F80FED-E793-4B3D-BD70-E12AFF7E9734} = {20FB998B-6E7B-4711-BEE6-9A003447F1E0}
		{8BD4BF30-5D92-46E3-95C9-EAEED9898F71} = {20FB998B-6E7B-4711-BEE6-9A003447F1E0}
		{72C13AF1-55EA-41E7-B70F-A8AE30C35604} = {20FB998B-6E7B-4711-BEE6-9A003447F1E0}
		{61381CC2-7B56-411C-8FDB-960493873A0D} = {7F1C4F1A-B951-4029-AEF7-6C9A129776F3}
		{C1786A27-870F-4F4E-A8D4-E6FD90A0A4E6} = {7F1C4F1A-B951-4029-AEF7-6C9A129776F3}
		{74F84554-FFC1-4DC6-810F-C6D0A034E17D} = {7F1C4F1A-B951-4029-AEF7-6C9A129776F3}
		{3E79C14A-9F1E-464F-8C97-1309C00A597A} = {7F1C4F1A-B951-4029-AEF7-6C9A129776F3}
		{FF401639-66B7-4E2E-96C6-DAB9EB557131} = {C69E229B-2CC2-4F18-BA34-4C2EC1C2CDB8}
		{198089A7-E821-401C-8010-6EC94C34B95A} = {C69E229B-2CC2-4F18-BA34-4C2EC1C2CDB8}
		{44E37EEF-45D0-41CF-A23F-86B945A066FC} = {C69E229B-2CC2-4F18-BA34-4C2EC1C2CDB8}
		{D1110B8A-CF55-43A1-A225-F69E56638BC7} = {C69E229B-2CC2-4F18-BA34-4C2EC1C2CDB8}
		{F4A14EE5-F385-4755-A580-4E1529003F99} = {CA6E7143-6B4D-42C8-BADF-969EC02FA767}
	EndGlobalSection
	GlobalSection(ExtensibilityGlobals) = postSolution
		SolutionGuid = {37BB8093-C426-4A1F-A7B3-1E9DD16C3653}
	EndGlobalSection
EndGlobal
